// !$*UTF8*$!
{
	archiveVersion = 1;
	classes = {
	};
	objectVersion = 51;
	objects = {

/* Begin PBXBuildFile section */
		9E044683264EB0B500A28A0E /* DetailsTableModel.swift in Sources */ = {isa = PBXBuildFile; fileRef = 9E044682264EB0B500A28A0E /* DetailsTableModel.swift */; };
		9E044687264F28B600A28A0E /* PriceCell.swift in Sources */ = {isa = PBXBuildFile; fileRef = 9E044685264F28B600A28A0E /* PriceCell.swift */; };
		9E044688264F28B600A28A0E /* PriceCell.xib in Resources */ = {isa = PBXBuildFile; fileRef = 9E044686264F28B600A28A0E /* PriceCell.xib */; };
		9E04468B264F2BCB00A28A0E /* AddToCartCell.swift in Sources */ = {isa = PBXBuildFile; fileRef = 9E044689264F2BCB00A28A0E /* AddToCartCell.swift */; };
		9E04468C264F2BCB00A28A0E /* AddToCartCell.xib in Resources */ = {isa = PBXBuildFile; fileRef = 9E04468A264F2BCB00A28A0E /* AddToCartCell.xib */; };
		9E53E407265C0F9100141506 /* RealmManager.swift in Sources */ = {isa = PBXBuildFile; fileRef = 9E53E406265C0F9100141506 /* RealmManager.swift */; };
		9E55099426527C890060BDE0 /* SlideshowDelegate.swift in Sources */ = {isa = PBXBuildFile; fileRef = 9E55099326527C890060BDE0 /* SlideshowDelegate.swift */; };
		9E60ED452662926B0037BDB5 /* Delegates.swift in Sources */ = {isa = PBXBuildFile; fileRef = 9E60ED442662926B0037BDB5 /* Delegates.swift */; };
		9E673992265A65F100DA248F /* FavoriteVC.swift in Sources */ = {isa = PBXBuildFile; fileRef = 9E673991265A65F100DA248F /* FavoriteVC.swift */; };
		9E673994265A6B1A00DA248F /* CartVC.swift in Sources */ = {isa = PBXBuildFile; fileRef = 9E673993265A6B1A00DA248F /* CartVC.swift */; };
		9E673997265A6B4500DA248F /* ProfileVC.swift in Sources */ = {isa = PBXBuildFile; fileRef = 9E673996265A6B4500DA248F /* ProfileVC.swift */; };
		9E6CC6F5264297440029625F /* ProductCell.swift in Sources */ = {isa = PBXBuildFile; fileRef = 9E6CC6F3264297440029625F /* ProductCell.swift */; };
		9E6CC6F6264297440029625F /* ProductCell.xib in Resources */ = {isa = PBXBuildFile; fileRef = 9E6CC6F4264297440029625F /* ProductCell.xib */; };
		9E6F5B162657156C007D7352 /* MainTabBar.swift in Sources */ = {isa = PBXBuildFile; fileRef = 9E6F5B152657156C007D7352 /* MainTabBar.swift */; };
		9E71964A2676033F0077F1F4 /* DeliveryInfoVC.swift in Sources */ = {isa = PBXBuildFile; fileRef = 9E7196492676033F0077F1F4 /* DeliveryInfoVC.swift */; };
		9E71964D26760A960077F1F4 /* OrderInfoDetailsVC.swift in Sources */ = {isa = PBXBuildFile; fileRef = 9E71964C26760A960077F1F4 /* OrderInfoDetailsVC.swift */; };
		9E71964F267611760077F1F4 /* CustomerInfo.swift in Sources */ = {isa = PBXBuildFile; fileRef = 9E71964E267611760077F1F4 /* CustomerInfo.swift */; };
		9E7F7756265A8D740041BACE /* DataManager.swift in Sources */ = {isa = PBXBuildFile; fileRef = 9E7F7755265A8D740041BACE /* DataManager.swift */; };
		9E827E06264D385600B30B71 /* .gitignore in Resources */ = {isa = PBXBuildFile; fileRef = 9E827E05264D385600B30B71 /* .gitignore */; };
		9E87D9FC2626450600369B70 /* AppDelegate.swift in Sources */ = {isa = PBXBuildFile; fileRef = 9E87D9FB2626450600369B70 /* AppDelegate.swift */; };
		9E87D9FE2626450600369B70 /* SceneDelegate.swift in Sources */ = {isa = PBXBuildFile; fileRef = 9E87D9FD2626450600369B70 /* SceneDelegate.swift */; };
		9E87DA002626450600369B70 /* CatalogVC.swift in Sources */ = {isa = PBXBuildFile; fileRef = 9E87D9FF2626450600369B70 /* CatalogVC.swift */; };
		9E87DA032626450600369B70 /* Main.storyboard in Resources */ = {isa = PBXBuildFile; fileRef = 9E87DA012626450600369B70 /* Main.storyboard */; };
		9E87DA052626450700369B70 /* Assets.xcassets in Resources */ = {isa = PBXBuildFile; fileRef = 9E87DA042626450700369B70 /* Assets.xcassets */; };
		9E87DA082626450700369B70 /* LaunchScreen.storyboard in Resources */ = {isa = PBXBuildFile; fileRef = 9E87DA062626450700369B70 /* LaunchScreen.storyboard */; };
		9E93AEAA26550991009FE280 /* ColorCell.swift in Sources */ = {isa = PBXBuildFile; fileRef = 9E93AEA826550991009FE280 /* ColorCell.swift */; };
		9E93AEAB26550991009FE280 /* ColorCell.xib in Resources */ = {isa = PBXBuildFile; fileRef = 9E93AEA926550991009FE280 /* ColorCell.xib */; };
		9E9C18C4263DA6EE0010BF8C /* ArticleCell.swift in Sources */ = {isa = PBXBuildFile; fileRef = 9E9C18C2263DA6EE0010BF8C /* ArticleCell.swift */; };
		9E9C18C5263DA6EE0010BF8C /* ArticleCell.xib in Resources */ = {isa = PBXBuildFile; fileRef = 9E9C18C3263DA6EE0010BF8C /* ArticleCell.xib */; };
		9E9C18D0263DA9E20010BF8C /* ItemImage.swift in Sources */ = {isa = PBXBuildFile; fileRef = 9E9C18CE263DA9E20010BF8C /* ItemImage.swift */; };
		9E9C18D1263DA9E20010BF8C /* ItemImage.xib in Resources */ = {isa = PBXBuildFile; fileRef = 9E9C18CF263DA9E20010BF8C /* ItemImage.xib */; };
		9E9C18D5263DAB4F0010BF8C /* ItemDetails.swift in Sources */ = {isa = PBXBuildFile; fileRef = 9E9C18D4263DAB4F0010BF8C /* ItemDetails.swift */; };
		9E9C18F1263DAFC80010BF8C /* SizeChartCell.swift in Sources */ = {isa = PBXBuildFile; fileRef = 9E9C18EF263DAFC80010BF8C /* SizeChartCell.swift */; };
		9E9C18F2263DAFC80010BF8C /* SizeChartCell.xib in Resources */ = {isa = PBXBuildFile; fileRef = 9E9C18F0263DAFC80010BF8C /* SizeChartCell.xib */; };
		9E9C18FD263DF0F50010BF8C /* BackendAPI.swift in Sources */ = {isa = PBXBuildFile; fileRef = 9E9C18FC263DF0F50010BF8C /* BackendAPI.swift */; };
		9E9C1901263DF1030010BF8C /* NetworkManager.swift in Sources */ = {isa = PBXBuildFile; fileRef = 9E9C1900263DF1030010BF8C /* NetworkManager.swift */; };
		9E9C1905263DF8AA0010BF8C /* Catalog.swift in Sources */ = {isa = PBXBuildFile; fileRef = 9E9C1904263DF8AA0010BF8C /* Catalog.swift */; };
		9EA710F32677E98F00513A5F /* UIViewController+Extensions.swift in Sources */ = {isa = PBXBuildFile; fileRef = 9EA710F22677E98F00513A5F /* UIViewController+Extensions.swift */; };
		9EABCB282661345C00F187BD /* CartTableModel.swift in Sources */ = {isa = PBXBuildFile; fileRef = 9EABCB272661345C00F187BD /* CartTableModel.swift */; };
		9EABCB2F2661355400F187BD /* PriceOnTop.swift in Sources */ = {isa = PBXBuildFile; fileRef = 9EABCB2D2661355400F187BD /* PriceOnTop.swift */; };
		9EABCB302661355400F187BD /* PriceOnTop.xib in Resources */ = {isa = PBXBuildFile; fileRef = 9EABCB2E2661355400F187BD /* PriceOnTop.xib */; };
		9EABCB352661357C00F187BD /* ItemInCart.swift in Sources */ = {isa = PBXBuildFile; fileRef = 9EABCB332661357C00F187BD /* ItemInCart.swift */; };
		9EABCB362661357C00F187BD /* ItemInCart.xib in Resources */ = {isa = PBXBuildFile; fileRef = 9EABCB342661357C00F187BD /* ItemInCart.xib */; };
		9EABCB392661358E00F187BD /* OrderButton.swift in Sources */ = {isa = PBXBuildFile; fileRef = 9EABCB372661358E00F187BD /* OrderButton.swift */; };
		9EABCB3A2661358E00F187BD /* OrderButton.xib in Resources */ = {isa = PBXBuildFile; fileRef = 9EABCB382661358E00F187BD /* OrderButton.xib */; };
		9EABCB3D2661359700F187BD /* Total.swift in Sources */ = {isa = PBXBuildFile; fileRef = 9EABCB3B2661359700F187BD /* Total.swift */; };
		9EABCB3E2661359700F187BD /* Total.xib in Resources */ = {isa = PBXBuildFile; fileRef = 9EABCB3C2661359700F187BD /* Total.xib */; };
		9EABCB41266148DE00F187BD /* TableViewExtension.swift in Sources */ = {isa = PBXBuildFile; fileRef = 9EABCB40266148DE00F187BD /* TableViewExtension.swift */; };
		9EABCB442661495D00F187BD /* ExtensionsItemDetails.swift in Sources */ = {isa = PBXBuildFile; fileRef = 9EABCB432661495D00F187BD /* ExtensionsItemDetails.swift */; };
		9EB276092667CF3C00B5A594 /* UITableView+Extensions.swift in Sources */ = {isa = PBXBuildFile; fileRef = 9EB276082667CF3C00B5A594 /* UITableView+Extensions.swift */; };
		9EB2760C2667DA0F00B5A594 /* LoadingExtension.swift in Sources */ = {isa = PBXBuildFile; fileRef = 9EB2760B2667DA0F00B5A594 /* LoadingExtension.swift */; };
		9EB2760E2667DA4F00B5A594 /* GetDataExtension.swift in Sources */ = {isa = PBXBuildFile; fileRef = 9EB2760D2667DA4F00B5A594 /* GetDataExtension.swift */; };
		9EB276102667DAD100B5A594 /* UICollectionView+Extensions.swift in Sources */ = {isa = PBXBuildFile; fileRef = 9EB2760F2667DAD100B5A594 /* UICollectionView+Extensions.swift */; };
		9EB276122667DB5100B5A594 /* CollectionViewExtension.swift in Sources */ = {isa = PBXBuildFile; fileRef = 9EB276112667DB5100B5A594 /* CollectionViewExtension.swift */; };
		9EC199F226751BD900861363 /* CustomerInfoVC.swift in Sources */ = {isa = PBXBuildFile; fileRef = 9EC199F126751BD900861363 /* CustomerInfoVC.swift */; };
		E0743DBFAB0898CAF74DE8BD /* Pods_Catalog.framework in Frameworks */ = {isa = PBXBuildFile; fileRef = 46F711B574CD5FBE5F20BE23 /* Pods_Catalog.framework */; };
/* End PBXBuildFile section */

/* Begin PBXFileReference section */
		036F26F6FE91BC3114BD9425 /* Pods-Catalog.release.xcconfig */ = {isa = PBXFileReference; includeInIndex = 1; lastKnownFileType = text.xcconfig; name = "Pods-Catalog.release.xcconfig"; path = "Target Support Files/Pods-Catalog/Pods-Catalog.release.xcconfig"; sourceTree = "<group>"; };
		46F711B574CD5FBE5F20BE23 /* Pods_Catalog.framework */ = {isa = PBXFileReference; explicitFileType = wrapper.framework; includeInIndex = 0; path = Pods_Catalog.framework; sourceTree = BUILT_PRODUCTS_DIR; };
		9E044682264EB0B500A28A0E /* DetailsTableModel.swift */ = {isa = PBXFileReference; lastKnownFileType = sourcecode.swift; path = DetailsTableModel.swift; sourceTree = "<group>"; };
		9E044685264F28B600A28A0E /* PriceCell.swift */ = {isa = PBXFileReference; lastKnownFileType = sourcecode.swift; path = PriceCell.swift; sourceTree = "<group>"; };
		9E044686264F28B600A28A0E /* PriceCell.xib */ = {isa = PBXFileReference; lastKnownFileType = file.xib; path = PriceCell.xib; sourceTree = "<group>"; };
		9E044689264F2BCB00A28A0E /* AddToCartCell.swift */ = {isa = PBXFileReference; lastKnownFileType = sourcecode.swift; name = AddToCartCell.swift; path = Catalog/ViewControllers/ItemDetails/Cells/AddToCart/AddToCartCell.swift; sourceTree = SOURCE_ROOT; };
		9E04468A264F2BCB00A28A0E /* AddToCartCell.xib */ = {isa = PBXFileReference; lastKnownFileType = file.xib; name = AddToCartCell.xib; path = Catalog/ViewControllers/ItemDetails/Cells/AddToCart/AddToCartCell.xib; sourceTree = SOURCE_ROOT; };
		9E53E406265C0F9100141506 /* RealmManager.swift */ = {isa = PBXFileReference; lastKnownFileType = sourcecode.swift; path = RealmManager.swift; sourceTree = "<group>"; };
		9E55099326527C890060BDE0 /* SlideshowDelegate.swift */ = {isa = PBXFileReference; lastKnownFileType = sourcecode.swift; path = SlideshowDelegate.swift; sourceTree = "<group>"; };
		9E60ED442662926B0037BDB5 /* Delegates.swift */ = {isa = PBXFileReference; lastKnownFileType = sourcecode.swift; path = Delegates.swift; sourceTree = "<group>"; };
		9E673991265A65F100DA248F /* FavoriteVC.swift */ = {isa = PBXFileReference; lastKnownFileType = sourcecode.swift; path = FavoriteVC.swift; sourceTree = "<group>"; };
		9E673993265A6B1A00DA248F /* CartVC.swift */ = {isa = PBXFileReference; lastKnownFileType = sourcecode.swift; name = CartVC.swift; path = Catalog/ViewControllers/CartVC/CartVC.swift; sourceTree = SOURCE_ROOT; };
		9E673996265A6B4500DA248F /* ProfileVC.swift */ = {isa = PBXFileReference; lastKnownFileType = sourcecode.swift; path = ProfileVC.swift; sourceTree = "<group>"; };
		9E6CC6F3264297440029625F /* ProductCell.swift */ = {isa = PBXFileReference; lastKnownFileType = sourcecode.swift; path = ProductCell.swift; sourceTree = "<group>"; };
		9E6CC6F4264297440029625F /* ProductCell.xib */ = {isa = PBXFileReference; lastKnownFileType = file.xib; path = ProductCell.xib; sourceTree = "<group>"; };
		9E6F5B152657156C007D7352 /* MainTabBar.swift */ = {isa = PBXFileReference; lastKnownFileType = sourcecode.swift; path = MainTabBar.swift; sourceTree = "<group>"; };
		9E7196492676033F0077F1F4 /* DeliveryInfoVC.swift */ = {isa = PBXFileReference; lastKnownFileType = sourcecode.swift; path = DeliveryInfoVC.swift; sourceTree = "<group>"; };
		9E71964C26760A960077F1F4 /* OrderInfoDetailsVC.swift */ = {isa = PBXFileReference; lastKnownFileType = sourcecode.swift; path = OrderInfoDetailsVC.swift; sourceTree = "<group>"; };
		9E71964E267611760077F1F4 /* CustomerInfo.swift */ = {isa = PBXFileReference; lastKnownFileType = sourcecode.swift; path = CustomerInfo.swift; sourceTree = "<group>"; };
		9E7F7755265A8D740041BACE /* DataManager.swift */ = {isa = PBXFileReference; lastKnownFileType = sourcecode.swift; path = DataManager.swift; sourceTree = "<group>"; };
		9E827E05264D385600B30B71 /* .gitignore */ = {isa = PBXFileReference; lastKnownFileType = text; path = .gitignore; sourceTree = "<group>"; };
		9E87D9F82626450600369B70 /* Catalog.app */ = {isa = PBXFileReference; explicitFileType = wrapper.application; includeInIndex = 0; path = Catalog.app; sourceTree = BUILT_PRODUCTS_DIR; };
		9E87D9FB2626450600369B70 /* AppDelegate.swift */ = {isa = PBXFileReference; lastKnownFileType = sourcecode.swift; path = AppDelegate.swift; sourceTree = "<group>"; };
		9E87D9FD2626450600369B70 /* SceneDelegate.swift */ = {isa = PBXFileReference; lastKnownFileType = sourcecode.swift; path = SceneDelegate.swift; sourceTree = "<group>"; };
		9E87D9FF2626450600369B70 /* CatalogVC.swift */ = {isa = PBXFileReference; lastKnownFileType = sourcecode.swift; path = CatalogVC.swift; sourceTree = "<group>"; };
		9E87DA022626450600369B70 /* Base */ = {isa = PBXFileReference; lastKnownFileType = file.storyboard; name = Base; path = Base.lproj/Main.storyboard; sourceTree = "<group>"; };
		9E87DA042626450700369B70 /* Assets.xcassets */ = {isa = PBXFileReference; lastKnownFileType = folder.assetcatalog; path = Assets.xcassets; sourceTree = "<group>"; };
		9E87DA072626450700369B70 /* Base */ = {isa = PBXFileReference; lastKnownFileType = file.storyboard; name = Base; path = Base.lproj/LaunchScreen.storyboard; sourceTree = "<group>"; };
		9E87DA092626450700369B70 /* Info.plist */ = {isa = PBXFileReference; lastKnownFileType = text.plist.xml; path = Info.plist; sourceTree = "<group>"; };
		9E93AEA826550991009FE280 /* ColorCell.swift */ = {isa = PBXFileReference; lastKnownFileType = sourcecode.swift; path = ColorCell.swift; sourceTree = "<group>"; };
		9E93AEA926550991009FE280 /* ColorCell.xib */ = {isa = PBXFileReference; lastKnownFileType = file.xib; path = ColorCell.xib; sourceTree = "<group>"; };
		9E9C18C2263DA6EE0010BF8C /* ArticleCell.swift */ = {isa = PBXFileReference; lastKnownFileType = sourcecode.swift; path = ArticleCell.swift; sourceTree = "<group>"; };
		9E9C18C3263DA6EE0010BF8C /* ArticleCell.xib */ = {isa = PBXFileReference; lastKnownFileType = file.xib; path = ArticleCell.xib; sourceTree = "<group>"; };
		9E9C18CE263DA9E20010BF8C /* ItemImage.swift */ = {isa = PBXFileReference; lastKnownFileType = sourcecode.swift; path = ItemImage.swift; sourceTree = "<group>"; };
		9E9C18CF263DA9E20010BF8C /* ItemImage.xib */ = {isa = PBXFileReference; lastKnownFileType = file.xib; path = ItemImage.xib; sourceTree = "<group>"; };
		9E9C18D4263DAB4F0010BF8C /* ItemDetails.swift */ = {isa = PBXFileReference; lastKnownFileType = sourcecode.swift; path = ItemDetails.swift; sourceTree = "<group>"; };
		9E9C18EF263DAFC80010BF8C /* SizeChartCell.swift */ = {isa = PBXFileReference; lastKnownFileType = sourcecode.swift; path = SizeChartCell.swift; sourceTree = "<group>"; };
		9E9C18F0263DAFC80010BF8C /* SizeChartCell.xib */ = {isa = PBXFileReference; lastKnownFileType = file.xib; path = SizeChartCell.xib; sourceTree = "<group>"; };
		9E9C18FC263DF0F50010BF8C /* BackendAPI.swift */ = {isa = PBXFileReference; lastKnownFileType = sourcecode.swift; path = BackendAPI.swift; sourceTree = "<group>"; };
		9E9C1900263DF1030010BF8C /* NetworkManager.swift */ = {isa = PBXFileReference; lastKnownFileType = sourcecode.swift; path = NetworkManager.swift; sourceTree = "<group>"; };
		9E9C1904263DF8AA0010BF8C /* Catalog.swift */ = {isa = PBXFileReference; lastKnownFileType = sourcecode.swift; path = Catalog.swift; sourceTree = "<group>"; };
		9EA710F22677E98F00513A5F /* UIViewController+Extensions.swift */ = {isa = PBXFileReference; lastKnownFileType = sourcecode.swift; path = "UIViewController+Extensions.swift"; sourceTree = "<group>"; };
		9EABCB272661345C00F187BD /* CartTableModel.swift */ = {isa = PBXFileReference; lastKnownFileType = sourcecode.swift; path = CartTableModel.swift; sourceTree = "<group>"; };
		9EABCB2D2661355400F187BD /* PriceOnTop.swift */ = {isa = PBXFileReference; lastKnownFileType = sourcecode.swift; path = PriceOnTop.swift; sourceTree = "<group>"; };
		9EABCB2E2661355400F187BD /* PriceOnTop.xib */ = {isa = PBXFileReference; lastKnownFileType = file.xib; path = PriceOnTop.xib; sourceTree = "<group>"; };
		9EABCB332661357C00F187BD /* ItemInCart.swift */ = {isa = PBXFileReference; lastKnownFileType = sourcecode.swift; path = ItemInCart.swift; sourceTree = "<group>"; };
		9EABCB342661357C00F187BD /* ItemInCart.xib */ = {isa = PBXFileReference; lastKnownFileType = file.xib; path = ItemInCart.xib; sourceTree = "<group>"; };
		9EABCB372661358E00F187BD /* OrderButton.swift */ = {isa = PBXFileReference; lastKnownFileType = sourcecode.swift; path = OrderButton.swift; sourceTree = "<group>"; };
		9EABCB382661358E00F187BD /* OrderButton.xib */ = {isa = PBXFileReference; lastKnownFileType = file.xib; path = OrderButton.xib; sourceTree = "<group>"; };
		9EABCB3B2661359700F187BD /* Total.swift */ = {isa = PBXFileReference; lastKnownFileType = sourcecode.swift; path = Total.swift; sourceTree = "<group>"; };
		9EABCB3C2661359700F187BD /* Total.xib */ = {isa = PBXFileReference; lastKnownFileType = file.xib; path = Total.xib; sourceTree = "<group>"; };
		9EABCB40266148DE00F187BD /* TableViewExtension.swift */ = {isa = PBXFileReference; lastKnownFileType = sourcecode.swift; path = TableViewExtension.swift; sourceTree = "<group>"; };
		9EABCB432661495D00F187BD /* ExtensionsItemDetails.swift */ = {isa = PBXFileReference; lastKnownFileType = sourcecode.swift; path = ExtensionsItemDetails.swift; sourceTree = "<group>"; };
		9EB276082667CF3C00B5A594 /* UITableView+Extensions.swift */ = {isa = PBXFileReference; lastKnownFileType = sourcecode.swift; path = "UITableView+Extensions.swift"; sourceTree = "<group>"; };
		9EB2760B2667DA0F00B5A594 /* LoadingExtension.swift */ = {isa = PBXFileReference; lastKnownFileType = sourcecode.swift; path = LoadingExtension.swift; sourceTree = "<group>"; };
		9EB2760D2667DA4F00B5A594 /* GetDataExtension.swift */ = {isa = PBXFileReference; lastKnownFileType = sourcecode.swift; path = GetDataExtension.swift; sourceTree = "<group>"; };
		9EB2760F2667DAD100B5A594 /* UICollectionView+Extensions.swift */ = {isa = PBXFileReference; lastKnownFileType = sourcecode.swift; path = "UICollectionView+Extensions.swift"; sourceTree = "<group>"; };
		9EB276112667DB5100B5A594 /* CollectionViewExtension.swift */ = {isa = PBXFileReference; lastKnownFileType = sourcecode.swift; path = CollectionViewExtension.swift; sourceTree = "<group>"; };
		9EC199F126751BD900861363 /* CustomerInfoVC.swift */ = {isa = PBXFileReference; lastKnownFileType = sourcecode.swift; path = CustomerInfoVC.swift; sourceTree = "<group>"; };
		BC1545D7C72CA7B24B618679 /* Pods-Catalog.debug.xcconfig */ = {isa = PBXFileReference; includeInIndex = 1; lastKnownFileType = text.xcconfig; name = "Pods-Catalog.debug.xcconfig"; path = "Target Support Files/Pods-Catalog/Pods-Catalog.debug.xcconfig"; sourceTree = "<group>"; };
/* End PBXFileReference section */

/* Begin PBXFrameworksBuildPhase section */
		9E87D9F52626450600369B70 /* Frameworks */ = {
			isa = PBXFrameworksBuildPhase;
			buildActionMask = 2147483647;
			files = (
				E0743DBFAB0898CAF74DE8BD /* Pods_Catalog.framework in Frameworks */,
			);
			runOnlyForDeploymentPostprocessing = 0;
		};
/* End PBXFrameworksBuildPhase section */

/* Begin PBXGroup section */
		4A92D823A2B114EA706EC1F9 /* Pods */ = {
			isa = PBXGroup;
			children = (
				BC1545D7C72CA7B24B618679 /* Pods-Catalog.debug.xcconfig */,
				036F26F6FE91BC3114BD9425 /* Pods-Catalog.release.xcconfig */,
			);
			path = Pods;
			sourceTree = "<group>";
		};
		9E044681264EB09D00A28A0E /* Model */ = {
			isa = PBXGroup;
			children = (
				9E044682264EB0B500A28A0E /* DetailsTableModel.swift */,
			);
			path = Model;
			sourceTree = "<group>";
		};
		9E044684264F289E00A28A0E /* Price */ = {
			isa = PBXGroup;
			children = (
				9E044685264F28B600A28A0E /* PriceCell.swift */,
				9E044686264F28B600A28A0E /* PriceCell.xib */,
			);
			path = Price;
			sourceTree = "<group>";
		};
		9E55099226527C700060BDE0 /* DelegateProtocol */ = {
			isa = PBXGroup;
			children = (
				9E55099326527C890060BDE0 /* SlideshowDelegate.swift */,
			);
			path = DelegateProtocol;
			sourceTree = "<group>";
		};
		9E60ED43266292460037BDB5 /* Delegates */ = {
			isa = PBXGroup;
			children = (
				9E60ED442662926B0037BDB5 /* Delegates.swift */,
			);
			path = Delegates;
			sourceTree = "<group>";
		};
		9E673990265A659600DA248F /* FavoriteVC */ = {
			isa = PBXGroup;
			children = (
				9E673991265A65F100DA248F /* FavoriteVC.swift */,
			);
			path = FavoriteVC;
			sourceTree = "<group>";
		};
		9E673995265A6B2C00DA248F /* ProfileVC */ = {
			isa = PBXGroup;
			children = (
				9E673996265A6B4500DA248F /* ProfileVC.swift */,
			);
			path = ProfileVC;
			sourceTree = "<group>";
		};
		9E673998265A705E00DA248F /* CartVC */ = {
			isa = PBXGroup;
			children = (
				9EB276132667E43000B5A594 /* CartVC+Extensions */,
				9EABCB262661344900F187BD /* Model */,
				9EABCB252661343D00F187BD /* Cells */,
				9E673993265A6B1A00DA248F /* CartVC.swift */,
			);
			path = CartVC;
			sourceTree = "<group>";
		};
		9E67399A265A709000DA248F /* AddToCart */ = {
			isa = PBXGroup;
			children = (
				9E044689264F2BCB00A28A0E /* AddToCartCell.swift */,
				9E04468A264F2BCB00A28A0E /* AddToCartCell.xib */,
			);
			path = AddToCart;
			sourceTree = "<group>";
		};
		9E6CC6F12642971F0029625F /* Cells */ = {
			isa = PBXGroup;
			children = (
				9E6CC6F2264297260029625F /* ProductCell */,
			);
			path = Cells;
			sourceTree = "<group>";
		};
		9E6CC6F2264297260029625F /* ProductCell */ = {
			isa = PBXGroup;
			children = (
				9E6CC6F3264297440029625F /* ProductCell.swift */,
				9E6CC6F4264297440029625F /* ProductCell.xib */,
			);
			path = ProductCell;
			sourceTree = "<group>";
		};
		9E6F5B1426571557007D7352 /* MainTabBar */ = {
			isa = PBXGroup;
			children = (
				9E6F5B152657156C007D7352 /* MainTabBar.swift */,
			);
			path = MainTabBar;
			sourceTree = "<group>";
		};
		9E719648267603100077F1F4 /* DeliveryInfoVC */ = {
			isa = PBXGroup;
			children = (
				9E7196492676033F0077F1F4 /* DeliveryInfoVC.swift */,
			);
			path = DeliveryInfoVC;
			sourceTree = "<group>";
		};
		9E71964B26760A7C0077F1F4 /* OrderInfoDetailsVC */ = {
			isa = PBXGroup;
			children = (
				9E71964C26760A960077F1F4 /* OrderInfoDetailsVC.swift */,
			);
			path = OrderInfoDetailsVC;
			sourceTree = "<group>";
		};
		9E87D9EF2626450600369B70 = {
			isa = PBXGroup;
			children = (
				9E87D9FA2626450600369B70 /* Catalog */,
				9E87D9F92626450600369B70 /* Products */,
				9E827E05264D385600B30B71 /* .gitignore */,
				4A92D823A2B114EA706EC1F9 /* Pods */,
				D2A06BD686C5FEB5E2D0443F /* Frameworks */,
			);
			sourceTree = "<group>";
		};
		9E87D9F92626450600369B70 /* Products */ = {
			isa = PBXGroup;
			children = (
				9E87D9F82626450600369B70 /* Catalog.app */,
			);
			name = Products;
			sourceTree = "<group>";
		};
		9E87D9FA2626450600369B70 /* Catalog */ = {
			isa = PBXGroup;
			children = (
				9EB276072667CF0E00B5A594 /* Extensions */,
				9E9C1903263DF86B0010BF8C /* Data */,
				9E9C18FB263DEC550010BF8C /* Network */,
				9E9C18C8263DA98B0010BF8C /* ViewControllers */,
				9E87D9FB2626450600369B70 /* AppDelegate.swift */,
				9E87D9FD2626450600369B70 /* SceneDelegate.swift */,
				9E87DA012626450600369B70 /* Main.storyboard */,
				9E87DA042626450700369B70 /* Assets.xcassets */,
				9E87DA062626450700369B70 /* LaunchScreen.storyboard */,
				9E87DA092626450700369B70 /* Info.plist */,
			);
			path = Catalog;
			sourceTree = "<group>";
		};
		9E93AEA52655093E009FE280 /* Color */ = {
			isa = PBXGroup;
			children = (
				9E93AEA826550991009FE280 /* ColorCell.swift */,
				9E93AEA926550991009FE280 /* ColorCell.xib */,
			);
			path = Color;
			sourceTree = "<group>";
		};
		9E9C18B7263DA3F20010BF8C /* MainCatalog */ = {
			isa = PBXGroup;
			children = (
				9EB2760A2667D9F700B5A594 /* CatalogVC+Extensions */,
				9E6CC6F12642971F0029625F /* Cells */,
				9E87D9FF2626450600369B70 /* CatalogVC.swift */,
			);
			path = MainCatalog;
			sourceTree = "<group>";
		};
		9E9C18B8263DA3FF0010BF8C /* ItemDetails */ = {
			isa = PBXGroup;
			children = (
				9EABCB422661494600F187BD /* Extensions */,
				9E044681264EB09D00A28A0E /* Model */,
				9E9C18E1263DAE050010BF8C /* Cells */,
				9E9C18D4263DAB4F0010BF8C /* ItemDetails.swift */,
			);
			path = ItemDetails;
			sourceTree = "<group>";
		};
		9E9C18BB263DA5BF0010BF8C /* ItemImage */ = {
			isa = PBXGroup;
			children = (
				9E55099226527C700060BDE0 /* DelegateProtocol */,
				9E9C18CE263DA9E20010BF8C /* ItemImage.swift */,
				9E9C18CF263DA9E20010BF8C /* ItemImage.xib */,
			);
			path = ItemImage;
			sourceTree = "<group>";
		};
		9E9C18BC263DA5D70010BF8C /* Article */ = {
			isa = PBXGroup;
			children = (
				9E9C18C2263DA6EE0010BF8C /* ArticleCell.swift */,
				9E9C18C3263DA6EE0010BF8C /* ArticleCell.xib */,
			);
			path = Article;
			sourceTree = "<group>";
		};
		9E9C18BD263DA62B0010BF8C /* SizeChart */ = {
			isa = PBXGroup;
			children = (
				9E9C18F0263DAFC80010BF8C /* SizeChartCell.xib */,
				9E9C18EF263DAFC80010BF8C /* SizeChartCell.swift */,
			);
			path = SizeChart;
			sourceTree = "<group>";
		};
		9E9C18C8263DA98B0010BF8C /* ViewControllers */ = {
			isa = PBXGroup;
			children = (
				9E71964B26760A7C0077F1F4 /* OrderInfoDetailsVC */,
				9E719648267603100077F1F4 /* DeliveryInfoVC */,
				9EC199F026751B9700861363 /* CustomerInfoVC */,
				9E673998265A705E00DA248F /* CartVC */,
				9E673995265A6B2C00DA248F /* ProfileVC */,
				9E673990265A659600DA248F /* FavoriteVC */,
				9E6F5B1426571557007D7352 /* MainTabBar */,
				9E9C18B8263DA3FF0010BF8C /* ItemDetails */,
				9E9C18B7263DA3F20010BF8C /* MainCatalog */,
			);
			path = ViewControllers;
			sourceTree = "<group>";
		};
		9E9C18E1263DAE050010BF8C /* Cells */ = {
			isa = PBXGroup;
			children = (
				9E67399A265A709000DA248F /* AddToCart */,
				9E93AEA52655093E009FE280 /* Color */,
				9E044684264F289E00A28A0E /* Price */,
				9E9C18BD263DA62B0010BF8C /* SizeChart */,
				9E9C18BC263DA5D70010BF8C /* Article */,
				9E9C18BB263DA5BF0010BF8C /* ItemImage */,
			);
			path = Cells;
			sourceTree = "<group>";
		};
		9E9C18FB263DEC550010BF8C /* Network */ = {
			isa = PBXGroup;
			children = (
				9E9C18FC263DF0F50010BF8C /* BackendAPI.swift */,
				9E9C1900263DF1030010BF8C /* NetworkManager.swift */,
			);
			path = Network;
			sourceTree = "<group>";
		};
		9E9C1903263DF86B0010BF8C /* Data */ = {
			isa = PBXGroup;
			children = (
				9E9C1904263DF8AA0010BF8C /* Catalog.swift */,
				9E7F7755265A8D740041BACE /* DataManager.swift */,
				9E53E406265C0F9100141506 /* RealmManager.swift */,
				9E71964E267611760077F1F4 /* CustomerInfo.swift */,
			);
			path = Data;
			sourceTree = "<group>";
		};
		9EABCB252661343D00F187BD /* Cells */ = {
			isa = PBXGroup;
			children = (
				9EABCB2C2661353400F187BD /* Total */,
				9EABCB2B2661352900F187BD /* ItemInCart */,
				9EABCB2A2661352100F187BD /* OrderButton */,
				9EABCB292661351900F187BD /* PriceOnTop */,
			);
			path = Cells;
			sourceTree = "<group>";
		};
		9EABCB262661344900F187BD /* Model */ = {
			isa = PBXGroup;
			children = (
				9EABCB272661345C00F187BD /* CartTableModel.swift */,
			);
			path = Model;
			sourceTree = "<group>";
		};
		9EABCB292661351900F187BD /* PriceOnTop */ = {
			isa = PBXGroup;
			children = (
				9EABCB2D2661355400F187BD /* PriceOnTop.swift */,
				9EABCB2E2661355400F187BD /* PriceOnTop.xib */,
			);
			path = PriceOnTop;
			sourceTree = "<group>";
		};
		9EABCB2A2661352100F187BD /* OrderButton */ = {
			isa = PBXGroup;
			children = (
				9EABCB372661358E00F187BD /* OrderButton.swift */,
				9EABCB382661358E00F187BD /* OrderButton.xib */,
			);
			path = OrderButton;
			sourceTree = "<group>";
		};
		9EABCB2B2661352900F187BD /* ItemInCart */ = {
			isa = PBXGroup;
			children = (
				9E60ED43266292460037BDB5 /* Delegates */,
				9EABCB332661357C00F187BD /* ItemInCart.swift */,
				9EABCB342661357C00F187BD /* ItemInCart.xib */,
			);
			path = ItemInCart;
			sourceTree = "<group>";
		};
		9EABCB2C2661353400F187BD /* Total */ = {
			isa = PBXGroup;
			children = (
				9EABCB3B2661359700F187BD /* Total.swift */,
				9EABCB3C2661359700F187BD /* Total.xib */,
			);
			path = Total;
			sourceTree = "<group>";
		};
		9EABCB422661494600F187BD /* Extensions */ = {
			isa = PBXGroup;
			children = (
				9EABCB432661495D00F187BD /* ExtensionsItemDetails.swift */,
			);
			path = Extensions;
			sourceTree = "<group>";
		};
		9EB276072667CF0E00B5A594 /* Extensions */ = {
			isa = PBXGroup;
			children = (
				9EA710F22677E98F00513A5F /* UIViewController+Extensions.swift */,
				9EB276082667CF3C00B5A594 /* UITableView+Extensions.swift */,
				9EB2760F2667DAD100B5A594 /* UICollectionView+Extensions.swift */,
			);
			path = Extensions;
			sourceTree = "<group>";
		};
		9EB2760A2667D9F700B5A594 /* CatalogVC+Extensions */ = {
			isa = PBXGroup;
			children = (
				9EB2760B2667DA0F00B5A594 /* LoadingExtension.swift */,
				9EB2760D2667DA4F00B5A594 /* GetDataExtension.swift */,
				9EB276112667DB5100B5A594 /* CollectionViewExtension.swift */,
			);
			path = "CatalogVC+Extensions";
			sourceTree = "<group>";
		};
		9EB276132667E43000B5A594 /* CartVC+Extensions */ = {
			isa = PBXGroup;
			children = (
				9EABCB40266148DE00F187BD /* TableViewExtension.swift */,
			);
			path = "CartVC+Extensions";
			sourceTree = "<group>";
		};
		9EC199F026751B9700861363 /* CustomerInfoVC */ = {
			isa = PBXGroup;
			children = (
				9EC199F126751BD900861363 /* CustomerInfoVC.swift */,
			);
			path = CustomerInfoVC;
			sourceTree = "<group>";
		};
		D2A06BD686C5FEB5E2D0443F /* Frameworks */ = {
			isa = PBXGroup;
			children = (
				46F711B574CD5FBE5F20BE23 /* Pods_Catalog.framework */,
			);
			name = Frameworks;
			sourceTree = "<group>";
		};
/* End PBXGroup section */

/* Begin PBXNativeTarget section */
		9E87D9F72626450600369B70 /* Catalog */ = {
			isa = PBXNativeTarget;
			buildConfigurationList = 9E87DA0C2626450700369B70 /* Build configuration list for PBXNativeTarget "Catalog" */;
			buildPhases = (
				0FC75251647572247C12872B /* [CP] Check Pods Manifest.lock */,
				9E87D9F42626450600369B70 /* Sources */,
				9E87D9F52626450600369B70 /* Frameworks */,
				9E87D9F62626450600369B70 /* Resources */,
				6A638B7DFE87BF51C2F402AD /* [CP] Embed Pods Frameworks */,
			);
			buildRules = (
			);
			dependencies = (
			);
			name = Catalog;
			productName = Catalog;
			productReference = 9E87D9F82626450600369B70 /* Catalog.app */;
			productType = "com.apple.product-type.application";
		};
/* End PBXNativeTarget section */

/* Begin PBXProject section */
		9E87D9F02626450600369B70 /* Project object */ = {
			isa = PBXProject;
			attributes = {
				LastSwiftUpdateCheck = 1240;
				LastUpgradeCheck = 1240;
				TargetAttributes = {
					9E87D9F72626450600369B70 = {
						CreatedOnToolsVersion = 12.4;
					};
				};
			};
			buildConfigurationList = 9E87D9F32626450600369B70 /* Build configuration list for PBXProject "Catalog" */;
			compatibilityVersion = "Xcode 9.3";
			developmentRegion = en;
			hasScannedForEncodings = 0;
			knownRegions = (
				en,
				Base,
			);
			mainGroup = 9E87D9EF2626450600369B70;
			productRefGroup = 9E87D9F92626450600369B70 /* Products */;
			projectDirPath = "";
			projectRoot = "";
			targets = (
				9E87D9F72626450600369B70 /* Catalog */,
			);
		};
/* End PBXProject section */

/* Begin PBXResourcesBuildPhase section */
		9E87D9F62626450600369B70 /* Resources */ = {
			isa = PBXResourcesBuildPhase;
			buildActionMask = 2147483647;
			files = (
				9E6CC6F6264297440029625F /* ProductCell.xib in Resources */,
				9E04468C264F2BCB00A28A0E /* AddToCartCell.xib in Resources */,
				9EABCB302661355400F187BD /* PriceOnTop.xib in Resources */,
				9EABCB3E2661359700F187BD /* Total.xib in Resources */,
				9EABCB362661357C00F187BD /* ItemInCart.xib in Resources */,
				9E9C18D1263DA9E20010BF8C /* ItemImage.xib in Resources */,
				9E9C18F2263DAFC80010BF8C /* SizeChartCell.xib in Resources */,
				9E9C18C5263DA6EE0010BF8C /* ArticleCell.xib in Resources */,
				9E87DA082626450700369B70 /* LaunchScreen.storyboard in Resources */,
				9EABCB3A2661358E00F187BD /* OrderButton.xib in Resources */,
				9E87DA052626450700369B70 /* Assets.xcassets in Resources */,
				9E044688264F28B600A28A0E /* PriceCell.xib in Resources */,
				9E93AEAB26550991009FE280 /* ColorCell.xib in Resources */,
				9E827E06264D385600B30B71 /* .gitignore in Resources */,
				9E87DA032626450600369B70 /* Main.storyboard in Resources */,
			);
			runOnlyForDeploymentPostprocessing = 0;
		};
/* End PBXResourcesBuildPhase section */

/* Begin PBXShellScriptBuildPhase section */
		0FC75251647572247C12872B /* [CP] Check Pods Manifest.lock */ = {
			isa = PBXShellScriptBuildPhase;
			buildActionMask = 2147483647;
			files = (
			);
			inputFileListPaths = (
			);
			inputPaths = (
				"${PODS_PODFILE_DIR_PATH}/Podfile.lock",
				"${PODS_ROOT}/Manifest.lock",
			);
			name = "[CP] Check Pods Manifest.lock";
			outputFileListPaths = (
			);
			outputPaths = (
				"$(DERIVED_FILE_DIR)/Pods-Catalog-checkManifestLockResult.txt",
			);
			runOnlyForDeploymentPostprocessing = 0;
			shellPath = /bin/sh;
			shellScript = "diff \"${PODS_PODFILE_DIR_PATH}/Podfile.lock\" \"${PODS_ROOT}/Manifest.lock\" > /dev/null\nif [ $? != 0 ] ; then\n    # print error to STDERR\n    echo \"error: The sandbox is not in sync with the Podfile.lock. Run 'pod install' or update your CocoaPods installation.\" >&2\n    exit 1\nfi\n# This output is used by Xcode 'outputs' to avoid re-running this script phase.\necho \"SUCCESS\" > \"${SCRIPT_OUTPUT_FILE_0}\"\n";
			showEnvVarsInLog = 0;
		};
		6A638B7DFE87BF51C2F402AD /* [CP] Embed Pods Frameworks */ = {
			isa = PBXShellScriptBuildPhase;
			buildActionMask = 2147483647;
			files = (
			);
			inputFileListPaths = (
				"${PODS_ROOT}/Target Support Files/Pods-Catalog/Pods-Catalog-frameworks-${CONFIGURATION}-input-files.xcfilelist",
			);
			name = "[CP] Embed Pods Frameworks";
			outputFileListPaths = (
				"${PODS_ROOT}/Target Support Files/Pods-Catalog/Pods-Catalog-frameworks-${CONFIGURATION}-output-files.xcfilelist",
			);
			runOnlyForDeploymentPostprocessing = 0;
			shellPath = /bin/sh;
			shellScript = "\"${PODS_ROOT}/Target Support Files/Pods-Catalog/Pods-Catalog-frameworks.sh\"\n";
			showEnvVarsInLog = 0;
		};
/* End PBXShellScriptBuildPhase section */

/* Begin PBXSourcesBuildPhase section */
		9E87D9F42626450600369B70 /* Sources */ = {
			isa = PBXSourcesBuildPhase;
			buildActionMask = 2147483647;
			files = (
				9E9C18C4263DA6EE0010BF8C /* ArticleCell.swift in Sources */,
				9E044683264EB0B500A28A0E /* DetailsTableModel.swift in Sources */,
				9EA710F32677E98F00513A5F /* UIViewController+Extensions.swift in Sources */,
				9E673994265A6B1A00DA248F /* CartVC.swift in Sources */,
				9EABCB352661357C00F187BD /* ItemInCart.swift in Sources */,
				9EB2760C2667DA0F00B5A594 /* LoadingExtension.swift in Sources */,
				9EABCB392661358E00F187BD /* OrderButton.swift in Sources */,
				9EB2760E2667DA4F00B5A594 /* GetDataExtension.swift in Sources */,
				9EB276102667DAD100B5A594 /* UICollectionView+Extensions.swift in Sources */,
				9E87DA002626450600369B70 /* CatalogVC.swift in Sources */,
				9E9C1901263DF1030010BF8C /* NetworkManager.swift in Sources */,
				9E673992265A65F100DA248F /* FavoriteVC.swift in Sources */,
				9E71964F267611760077F1F4 /* CustomerInfo.swift in Sources */,
				9EABCB2F2661355400F187BD /* PriceOnTop.swift in Sources */,
				9EABCB3D2661359700F187BD /* Total.swift in Sources */,
				9EABCB282661345C00F187BD /* CartTableModel.swift in Sources */,
				9E04468B264F2BCB00A28A0E /* AddToCartCell.swift in Sources */,
				9E9C18D0263DA9E20010BF8C /* ItemImage.swift in Sources */,
				9E9C1905263DF8AA0010BF8C /* Catalog.swift in Sources */,
				9E71964D26760A960077F1F4 /* OrderInfoDetailsVC.swift in Sources */,
				9EC199F226751BD900861363 /* CustomerInfoVC.swift in Sources */,
				9E6F5B162657156C007D7352 /* MainTabBar.swift in Sources */,
				9E9C18F1263DAFC80010BF8C /* SizeChartCell.swift in Sources */,
				9EABCB41266148DE00F187BD /* TableViewExtension.swift in Sources */,
				9E9C18D5263DAB4F0010BF8C /* ItemDetails.swift in Sources */,
				9EB276092667CF3C00B5A594 /* UITableView+Extensions.swift in Sources */,
				9E60ED452662926B0037BDB5 /* Delegates.swift in Sources */,
				9E87D9FC2626450600369B70 /* AppDelegate.swift in Sources */,
				9E53E407265C0F9100141506 /* RealmManager.swift in Sources */,
				9E93AEAA26550991009FE280 /* ColorCell.swift in Sources */,
				9E6CC6F5264297440029625F /* ProductCell.swift in Sources */,
				9EB276122667DB5100B5A594 /* CollectionViewExtension.swift in Sources */,
				9E71964A2676033F0077F1F4 /* DeliveryInfoVC.swift in Sources */,
				9E55099426527C890060BDE0 /* SlideshowDelegate.swift in Sources */,
				9E87D9FE2626450600369B70 /* SceneDelegate.swift in Sources */,
				9E044687264F28B600A28A0E /* PriceCell.swift in Sources */,
				9E7F7756265A8D740041BACE /* DataManager.swift in Sources */,
				9E673997265A6B4500DA248F /* ProfileVC.swift in Sources */,
				9E9C18FD263DF0F50010BF8C /* BackendAPI.swift in Sources */,
				9EABCB442661495D00F187BD /* ExtensionsItemDetails.swift in Sources */,
			);
			runOnlyForDeploymentPostprocessing = 0;
		};
/* End PBXSourcesBuildPhase section */

/* Begin PBXVariantGroup section */
		9E87DA012626450600369B70 /* Main.storyboard */ = {
			isa = PBXVariantGroup;
			children = (
				9E87DA022626450600369B70 /* Base */,
			);
			name = Main.storyboard;
			sourceTree = "<group>";
		};
		9E87DA062626450700369B70 /* LaunchScreen.storyboard */ = {
			isa = PBXVariantGroup;
			children = (
				9E87DA072626450700369B70 /* Base */,
			);
			name = LaunchScreen.storyboard;
			sourceTree = "<group>";
		};
/* End PBXVariantGroup section */

/* Begin XCBuildConfiguration section */
		9E87DA0A2626450700369B70 /* Debug */ = {
			isa = XCBuildConfiguration;
			buildSettings = {
				ALWAYS_SEARCH_USER_PATHS = NO;
				CLANG_ANALYZER_NONNULL = YES;
				CLANG_ANALYZER_NUMBER_OBJECT_CONVERSION = YES_AGGRESSIVE;
				CLANG_CXX_LANGUAGE_STANDARD = "gnu++14";
				CLANG_CXX_LIBRARY = "libc++";
				CLANG_ENABLE_MODULES = YES;
				CLANG_ENABLE_OBJC_ARC = YES;
				CLANG_ENABLE_OBJC_WEAK = YES;
				CLANG_WARN_BLOCK_CAPTURE_AUTORELEASING = YES;
				CLANG_WARN_BOOL_CONVERSION = YES;
				CLANG_WARN_COMMA = YES;
				CLANG_WARN_CONSTANT_CONVERSION = YES;
				CLANG_WARN_DEPRECATED_OBJC_IMPLEMENTATIONS = YES;
				CLANG_WARN_DIRECT_OBJC_ISA_USAGE = YES_ERROR;
				CLANG_WARN_DOCUMENTATION_COMMENTS = YES;
				CLANG_WARN_EMPTY_BODY = YES;
				CLANG_WARN_ENUM_CONVERSION = YES;
				CLANG_WARN_INFINITE_RECURSION = YES;
				CLANG_WARN_INT_CONVERSION = YES;
				CLANG_WARN_NON_LITERAL_NULL_CONVERSION = YES;
				CLANG_WARN_OBJC_IMPLICIT_RETAIN_SELF = YES;
				CLANG_WARN_OBJC_LITERAL_CONVERSION = YES;
				CLANG_WARN_OBJC_ROOT_CLASS = YES_ERROR;
				CLANG_WARN_QUOTED_INCLUDE_IN_FRAMEWORK_HEADER = YES;
				CLANG_WARN_RANGE_LOOP_ANALYSIS = YES;
				CLANG_WARN_STRICT_PROTOTYPES = YES;
				CLANG_WARN_SUSPICIOUS_MOVE = YES;
				CLANG_WARN_UNGUARDED_AVAILABILITY = YES_AGGRESSIVE;
				CLANG_WARN_UNREACHABLE_CODE = YES;
				CLANG_WARN__DUPLICATE_METHOD_MATCH = YES;
				COPY_PHASE_STRIP = NO;
				DEBUG_INFORMATION_FORMAT = dwarf;
				ENABLE_STRICT_OBJC_MSGSEND = YES;
				ENABLE_TESTABILITY = YES;
				GCC_C_LANGUAGE_STANDARD = gnu11;
				GCC_DYNAMIC_NO_PIC = NO;
				GCC_NO_COMMON_BLOCKS = YES;
				GCC_OPTIMIZATION_LEVEL = 0;
				GCC_PREPROCESSOR_DEFINITIONS = (
					"DEBUG=1",
					"$(inherited)",
				);
				GCC_WARN_64_TO_32_BIT_CONVERSION = YES;
				GCC_WARN_ABOUT_RETURN_TYPE = YES_ERROR;
				GCC_WARN_UNDECLARED_SELECTOR = YES;
				GCC_WARN_UNINITIALIZED_AUTOS = YES_AGGRESSIVE;
				GCC_WARN_UNUSED_FUNCTION = YES;
				GCC_WARN_UNUSED_VARIABLE = YES;
				IPHONEOS_DEPLOYMENT_TARGET = 14.4;
				MTL_ENABLE_DEBUG_INFO = INCLUDE_SOURCE;
				MTL_FAST_MATH = YES;
				ONLY_ACTIVE_ARCH = YES;
				SDKROOT = iphoneos;
				SWIFT_ACTIVE_COMPILATION_CONDITIONS = DEBUG;
				SWIFT_OPTIMIZATION_LEVEL = "-Onone";
			};
			name = Debug;
		};
		9E87DA0B2626450700369B70 /* Release */ = {
			isa = XCBuildConfiguration;
			buildSettings = {
				ALWAYS_SEARCH_USER_PATHS = NO;
				CLANG_ANALYZER_NONNULL = YES;
				CLANG_ANALYZER_NUMBER_OBJECT_CONVERSION = YES_AGGRESSIVE;
				CLANG_CXX_LANGUAGE_STANDARD = "gnu++14";
				CLANG_CXX_LIBRARY = "libc++";
				CLANG_ENABLE_MODULES = YES;
				CLANG_ENABLE_OBJC_ARC = YES;
				CLANG_ENABLE_OBJC_WEAK = YES;
				CLANG_WARN_BLOCK_CAPTURE_AUTORELEASING = YES;
				CLANG_WARN_BOOL_CONVERSION = YES;
				CLANG_WARN_COMMA = YES;
				CLANG_WARN_CONSTANT_CONVERSION = YES;
				CLANG_WARN_DEPRECATED_OBJC_IMPLEMENTATIONS = YES;
				CLANG_WARN_DIRECT_OBJC_ISA_USAGE = YES_ERROR;
				CLANG_WARN_DOCUMENTATION_COMMENTS = YES;
				CLANG_WARN_EMPTY_BODY = YES;
				CLANG_WARN_ENUM_CONVERSION = YES;
				CLANG_WARN_INFINITE_RECURSION = YES;
				CLANG_WARN_INT_CONVERSION = YES;
				CLANG_WARN_NON_LITERAL_NULL_CONVERSION = YES;
				CLANG_WARN_OBJC_IMPLICIT_RETAIN_SELF = YES;
				CLANG_WARN_OBJC_LITERAL_CONVERSION = YES;
				CLANG_WARN_OBJC_ROOT_CLASS = YES_ERROR;
				CLANG_WARN_QUOTED_INCLUDE_IN_FRAMEWORK_HEADER = YES;
				CLANG_WARN_RANGE_LOOP_ANALYSIS = YES;
				CLANG_WARN_STRICT_PROTOTYPES = YES;
				CLANG_WARN_SUSPICIOUS_MOVE = YES;
				CLANG_WARN_UNGUARDED_AVAILABILITY = YES_AGGRESSIVE;
				CLANG_WARN_UNREACHABLE_CODE = YES;
				CLANG_WARN__DUPLICATE_METHOD_MATCH = YES;
				COPY_PHASE_STRIP = NO;
				DEBUG_INFORMATION_FORMAT = "dwarf-with-dsym";
				ENABLE_NS_ASSERTIONS = NO;
				ENABLE_STRICT_OBJC_MSGSEND = YES;
				GCC_C_LANGUAGE_STANDARD = gnu11;
				GCC_NO_COMMON_BLOCKS = YES;
				GCC_WARN_64_TO_32_BIT_CONVERSION = YES;
				GCC_WARN_ABOUT_RETURN_TYPE = YES_ERROR;
				GCC_WARN_UNDECLARED_SELECTOR = YES;
				GCC_WARN_UNINITIALIZED_AUTOS = YES_AGGRESSIVE;
				GCC_WARN_UNUSED_FUNCTION = YES;
				GCC_WARN_UNUSED_VARIABLE = YES;
				IPHONEOS_DEPLOYMENT_TARGET = 14.4;
				MTL_ENABLE_DEBUG_INFO = NO;
				MTL_FAST_MATH = YES;
				SDKROOT = iphoneos;
				SWIFT_COMPILATION_MODE = wholemodule;
				SWIFT_OPTIMIZATION_LEVEL = "-O";
				VALIDATE_PRODUCT = YES;
			};
			name = Release;
		};
		9E87DA0D2626450700369B70 /* Debug */ = {
			isa = XCBuildConfiguration;
			baseConfigurationReference = BC1545D7C72CA7B24B618679 /* Pods-Catalog.debug.xcconfig */;
			buildSettings = {
				ASSETCATALOG_COMPILER_APPICON_NAME = AppIcon;
				ASSETCATALOG_COMPILER_GLOBAL_ACCENT_COLOR_NAME = AccentColor;
				CODE_SIGN_STYLE = Automatic;
				DEVELOPMENT_TEAM = 2JJV592627;
				INFOPLIST_FILE = Catalog/Info.plist;
				IPHONEOS_DEPLOYMENT_TARGET = 13.0;
				LD_RUNPATH_SEARCH_PATHS = (
					"$(inherited)",
					"@executable_path/Frameworks",
				);
				PRODUCT_BUNDLE_IDENTIFIER = Learn.Catalog.rom;
				PRODUCT_NAME = "$(TARGET_NAME)";
				SWIFT_VERSION = 5.0;
				TARGETED_DEVICE_FAMILY = 1;
			};
			name = Debug;
		};
		9E87DA0E2626450700369B70 /* Release */ = {
			isa = XCBuildConfiguration;
			baseConfigurationReference = 036F26F6FE91BC3114BD9425 /* Pods-Catalog.release.xcconfig */;
			buildSettings = {
				ASSETCATALOG_COMPILER_APPICON_NAME = AppIcon;
				ASSETCATALOG_COMPILER_GLOBAL_ACCENT_COLOR_NAME = AccentColor;
				CODE_SIGN_STYLE = Automatic;
				DEVELOPMENT_TEAM = 2JJV592627;
				INFOPLIST_FILE = Catalog/Info.plist;
				IPHONEOS_DEPLOYMENT_TARGET = 13.0;
				LD_RUNPATH_SEARCH_PATHS = (
					"$(inherited)",
					"@executable_path/Frameworks",
				);
				PRODUCT_BUNDLE_IDENTIFIER = Learn.Catalog.rom;
				PRODUCT_NAME = "$(TARGET_NAME)";
				SWIFT_VERSION = 5.0;
				TARGETED_DEVICE_FAMILY = 1;
			};
			name = Release;
		};
/* End XCBuildConfiguration section */

/* Begin XCConfigurationList section */
		9E87D9F32626450600369B70 /* Build configuration list for PBXProject "Catalog" */ = {
			isa = XCConfigurationList;
			buildConfigurations = (
				9E87DA0A2626450700369B70 /* Debug */,
				9E87DA0B2626450700369B70 /* Release */,
			);
			defaultConfigurationIsVisible = 0;
			defaultConfigurationName = Release;
		};
		9E87DA0C2626450700369B70 /* Build configuration list for PBXNativeTarget "Catalog" */ = {
			isa = XCConfigurationList;
			buildConfigurations = (
				9E87DA0D2626450700369B70 /* Debug */,
				9E87DA0E2626450700369B70 /* Release */,
			);
			defaultConfigurationIsVisible = 0;
			defaultConfigurationName = Release;
		};
/* End XCConfigurationList section */
	};
	rootObject = 9E87D9F02626450600369B70 /* Project object */;
}
